
Microsoft Visual Studio Solution File, Format Version 12.00
# Visual Studio Version 17
VisualStudioVersion = 17.3.32929.385
MinimumVisualStudioVersion = 10.0.40219.1
Project("{9A19103F-16F7-4668-BE54-9A1E7A4F7556}") = "RazorPizza", "RazorPizza.csproj", "{7CDDA1DC-03C6-4B29-9BAC-93C0466F26F5}"
EndProject
Global
	GlobalSection(SolutionConfigurationPlatforms) = preSolution
		Debug|Any CPU = Debug|Any CPU
		Release|Any CPU = Release|Any CPU
	EndGlobalSection
	GlobalSection(ProjectConfigurationPlatforms) = postSolution
		{7CDDA1DC-03C6-4B29-9BAC-93C0466F26F5}.Debug|Any CPU.ActiveCfg = Debug|Any CPU
		{7CDDA1DC-03C6-4B29-9BAC-93C0466F26F5}.Debug|Any CPU.Build.0 = Debug|Any CPU
		{7CDDA1DC-03C6-4B29-9BAC-93C0466F26F5}.Release|Any CPU.ActiveCfg = Release|Any CPU
		{7CDDA1DC-03C6-4B29-9BAC-93C0466F26F5}.Release|Any CPU.Build.0 = Release|Any CPU
	EndGlobalSection
	GlobalSection(SolutionProperties) = preSolution
		HideSolutionNode = FALSE
	EndGlobalSection
	GlobalSection(ExtensibilityGlobals) = postSolution
		SolutionGuid = {175D4DA8-F2C0-45B3-9BC8-B3FBAAEE73EF}
	EndGlobalSection
EndGlobal
